
Microsoft Visual Studio Solution File, Format Version 12.00
# Visual Studio Version 17
VisualStudioVersion = 17.14.36603.0
MinimumVisualStudioVersion = 10.0.40219.1
Project("{2150E333-8FDC-42A3-9474-1A3956D46DE8}") = "Task0", "Task0", "{36D591C7-65C7-A0D1-1CBC-10CDE441BDC8}"
EndProject
Project("{FAE04EC0-301F-11D3-BF4B-00C04F79EFBC}") = "Tyuiu.PrilukovDA.Sprint0.Task0.V0", "Tyuiu.PrilukovDA.Sprint0.Task0.V0\Tyuiu.PrilukovDA.Sprint0.Task0.V0.csproj", "{246ADD00-3651-4E0B-B3CA-4E0DC3AB631F}"
EndProject
Project("{2150E333-8FDC-42A3-9474-1A3956D46DE8}") = "Task1", "Task1", "{0FB232B4-0C68-44B3-9994-CFEE7DD7F8F5}"
EndProject
Project("{FAE04EC0-301F-11D3-BF4B-00C04F79EFBC}") = "Tyuiu.PrilukovD.Sprint0.Task1.V0", "Tyuiu.PrilukovD.Sprint0.Task1.V0\Tyuiu.PrilukovD.Sprint0.Task1.V0.csproj", "{C2C8720C-9829-4DCC-A3B1-09BAD782E1D0}"
EndProject
Project("{2150E333-8FDC-42A3-9474-1A3956D46DE8}") = "Task2", "Task2", "{51B23154-7587-4092-BE6F-03854BB1BFED}"
EndProject
Project("{FAE04EC0-301F-11D3-BF4B-00C04F79EFBC}") = "Tyuiu.PrilukovDA.Sprint0.Task2.V0", "Tyuiu.PrilukovDA.Sprint0.Task2.V0\Tyuiu.PrilukovDA.Sprint0.Task2.V0.csproj", "{1C82451F-5330-4C69-A3BE-697EF32056F2}"
EndProject
Project("{FAE04EC0-301F-11D3-BF4B-00C04F79EFBC}") = "Tyuiu.PrilukovDA.Sprint0.Task2.V0.Lib", "Tyuiu.PrilukovDA.Sprint0.Task2.V0.Lib\Tyuiu.PrilukovDA.Sprint0.Task2.V0.Lib.csproj", "{1F63796A-0215-4ED7-A9C0-D307847ED7CD}"
EndProject
Project("{FAE04EC0-301F-11D3-BF4B-00C04F79EFBC}") = "Tyuiu.PrilukovDA.Sprint0.Task2.V0.Test", "Tyuiu.PrilukovDA.Sprint0.Task2.V0.Test\Tyuiu.PrilukovDA.Sprint0.Task2.V0.Test.csproj", "{0A30FA63-CAC7-40A1-BB37-9F651093AD12}"
EndProject
Project("{2150E333-8FDC-42A3-9474-1A3956D46DE8}") = "Task3", "Task3", "{E896F54A-D7D2-4812-B99A-9E5513FD4D3B}"
EndProject
Project("{FAE04EC0-301F-11D3-BF4B-00C04F79EFBC}") = "Tyuiu.PrilukovDA.Sprint0.Task3.V0", "Tyuiu.PrilukovDA.Sprint0.Task3.V0\Tyuiu.PrilukovDA.Sprint0.Task3.V0.csproj", "{AFE51555-B634-440F-A4AA-976CBEB322EC}"
EndProject
Project("{FAE04EC0-301F-11D3-BF4B-00C04F79EFBC}") = "Tyuiu.PrilukovDA.Sprint0.Task3.V0.Lib", "Tyuiu.PrilukovDA.Sprint0.Task3.V0.Lib\Tyuiu.PrilukovDA.Sprint0.Task3.V0.Lib.csproj", "{EBF91B97-43C9-4E3B-BA5A-1126630FDECC}"
EndProject
Project("{FAE04EC0-301F-11D3-BF4B-00C04F79EFBC}") = "Tyuiu.PrilukovDA.Sprint0.Task3.V0.Test", "Tyuiu.PrilukovDA.Sprint0.Task3.V0.Test\Tyuiu.PrilukovDA.Sprint0.Task3.V0.Test.csproj", "{17C610B5-B5A0-4E9C-B5C1-5B6A97FCB14C}"
EndProject
Project("{2150E333-8FDC-42A3-9474-1A3956D46DE8}") = "Task4", "Task4", "{06299486-F6E6-484C-8AE3-A6A3E2D85D52}"
EndProject
Project("{FAE04EC0-301F-11D3-BF4B-00C04F79EFBC}") = "Tyuiu.PrilukovDA.Sprint0.Task4.V0", "Tyuiu.PrilukovDA.Sprint0.Task4.V0\Tyuiu.PrilukovDA.Sprint0.Task4.V0.csproj", "{2BB3B010-A861-4A97-AA2A-B72DA46D5D1D}"
EndProject
Project("{FAE04EC0-301F-11D3-BF4B-00C04F79EFBC}") = "Tyuiu.PrilukovDA.Sprint0.Task4.V0.Lib", "Tyuiu.PrilukovDA.Sprint0.Task4.V0.Lib\Tyuiu.PrilukovDA.Sprint0.Task4.V0.Lib.csproj", "{CCFF977B-0A60-41A7-8E5B-CD7B49A271E6}"
EndProject
Project("{FAE04EC0-301F-11D3-BF4B-00C04F79EFBC}") = "Tyuiu.PrilukovDA.Sprint0.Task4.V0.Test", "Tyuiu.PrilukovDA.Sprint0.Task4.V0.Test\Tyuiu.PrilukovDA.Sprint0.Task4.V0.Test.csproj", "{B5B3761D-1AF8-423F-ABE0-D2EE17C03FC8}"
EndProject
Global
	GlobalSection(SolutionConfigurationPlatforms) = preSolution
		Debug|Any CPU = Debug|Any CPU
		Release|Any CPU = Release|Any CPU
	EndGlobalSection
	GlobalSection(ProjectConfigurationPlatforms) = postSolution
		{246ADD00-3651-4E0B-B3CA-4E0DC3AB631F}.Debug|Any CPU.ActiveCfg = Debug|Any CPU
		{246ADD00-3651-4E0B-B3CA-4E0DC3AB631F}.Debug|Any CPU.Build.0 = Debug|Any CPU
		{246ADD00-3651-4E0B-B3CA-4E0DC3AB631F}.Release|Any CPU.ActiveCfg = Release|Any CPU
		{246ADD00-3651-4E0B-B3CA-4E0DC3AB631F}.Release|Any CPU.Build.0 = Release|Any CPU
		{C2C8720C-9829-4DCC-A3B1-09BAD782E1D0}.Debug|Any CPU.ActiveCfg = Debug|Any CPU
		{C2C8720C-9829-4DCC-A3B1-09BAD782E1D0}.Debug|Any CPU.Build.0 = Debug|Any CPU
		{C2C8720C-9829-4DCC-A3B1-09BAD782E1D0}.Release|Any CPU.ActiveCfg = Release|Any CPU
		{C2C8720C-9829-4DCC-A3B1-09BAD782E1D0}.Release|Any CPU.Build.0 = Release|Any CPU
		{1C82451F-5330-4C69-A3BE-697EF32056F2}.Debug|Any CPU.ActiveCfg = Debug|Any CPU
		{1C82451F-5330-4C69-A3BE-697EF32056F2}.Debug|Any CPU.Build.0 = Debug|Any CPU
		{1C82451F-5330-4C69-A3BE-697EF32056F2}.Release|Any CPU.ActiveCfg = Release|Any CPU
		{1C82451F-5330-4C69-A3BE-697EF32056F2}.Release|Any CPU.Build.0 = Release|Any CPU
		{1F63796A-0215-4ED7-A9C0-D307847ED7CD}.Debug|Any CPU.ActiveCfg = Debug|Any CPU
		{1F63796A-0215-4ED7-A9C0-D307847ED7CD}.Debug|Any CPU.Build.0 = Debug|Any CPU
		{1F63796A-0215-4ED7-A9C0-D307847ED7CD}.Release|Any CPU.ActiveCfg = Release|Any CPU
		{1F63796A-0215-4ED7-A9C0-D307847ED7CD}.Release|Any CPU.Build.0 = Release|Any CPU
		{0A30FA63-CAC7-40A1-BB37-9F651093AD12}.Debug|Any CPU.ActiveCfg = Debug|Any CPU
		{0A30FA63-CAC7-40A1-BB37-9F651093AD12}.Debug|Any CPU.Build.0 = Debug|Any CPU
		{0A30FA63-CAC7-40A1-BB37-9F651093AD12}.Release|Any CPU.ActiveCfg = Release|Any CPU
		{0A30FA63-CAC7-40A1-BB37-9F651093AD12}.Release|Any CPU.Build.0 = Release|Any CPU
		{AFE51555-B634-440F-A4AA-976CBEB322EC}.Debug|Any CPU.ActiveCfg = Debug|Any CPU
		{AFE51555-B634-440F-A4AA-976CBEB322EC}.Debug|Any CPU.Build.0 = Debug|Any CPU
		{AFE51555-B634-440F-A4AA-976CBEB322EC}.Release|Any CPU.ActiveCfg = Release|Any CPU
		{AFE51555-B634-440F-A4AA-976CBEB322EC}.Release|Any CPU.Build.0 = Release|Any CPU
		{EBF91B97-43C9-4E3B-BA5A-1126630FDECC}.Debug|Any CPU.ActiveCfg = Debug|Any CPU
		{EBF91B97-43C9-4E3B-BA5A-1126630FDECC}.Debug|Any CPU.Build.0 = Debug|Any CPU
		{EBF91B97-43C9-4E3B-BA5A-1126630FDECC}.Release|Any CPU.ActiveCfg = Release|Any CPU
		{EBF91B97-43C9-4E3B-BA5A-1126630FDECC}.Release|Any CPU.Build.0 = Release|Any CPU
		{17C610B5-B5A0-4E9C-B5C1-5B6A97FCB14C}.Debug|Any CPU.ActiveCfg = Debug|Any CPU
		{17C610B5-B5A0-4E9C-B5C1-5B6A97FCB14C}.Debug|Any CPU.Build.0 = Debug|Any CPU
		{17C610B5-B5A0-4E9C-B5C1-5B6A97FCB14C}.Release|Any CPU.ActiveCfg = Release|Any CPU
		{17C610B5-B5A0-4E9C-B5C1-5B6A97FCB14C}.Release|Any CPU.Build.0 = Release|Any CPU
		{2BB3B010-A861-4A97-AA2A-B72DA46D5D1D}.Debug|Any CPU.ActiveCfg = Debug|Any CPU
		{2BB3B010-A861-4A97-AA2A-B72DA46D5D1D}.Debug|Any CPU.Build.0 = Debug|Any CPU
		{2BB3B010-A861-4A97-AA2A-B72DA46D5D1D}.Release|Any CPU.ActiveCfg = Release|Any CPU
		{2BB3B010-A861-4A97-AA2A-B72DA46D5D1D}.Release|Any CPU.Build.0 = Release|Any CPU
		{CCFF977B-0A60-41A7-8E5B-CD7B49A271E6}.Debug|Any CPU.ActiveCfg = Debug|Any CPU
		{CCFF977B-0A60-41A7-8E5B-CD7B49A271E6}.Debug|Any CPU.Build.0 = Debug|Any CPU
		{CCFF977B-0A60-41A7-8E5B-CD7B49A271E6}.Release|Any CPU.ActiveCfg = Release|Any CPU
		{CCFF977B-0A60-41A7-8E5B-CD7B49A271E6}.Release|Any CPU.Build.0 = Release|Any CPU
		{B5B3761D-1AF8-423F-ABE0-D2EE17C03FC8}.Debug|Any CPU.ActiveCfg = Debug|Any CPU
		{B5B3761D-1AF8-423F-ABE0-D2EE17C03FC8}.Debug|Any CPU.Build.0 = Debug|Any CPU
		{B5B3761D-1AF8-423F-ABE0-D2EE17C03FC8}.Release|Any CPU.ActiveCfg = Release|Any CPU
		{B5B3761D-1AF8-423F-ABE0-D2EE17C03FC8}.Release|Any CPU.Build.0 = Release|Any CPU
	EndGlobalSection
	GlobalSection(SolutionProperties) = preSolution
		HideSolutionNode = FALSE
	EndGlobalSection
	GlobalSection(NestedProjects) = preSolution
		{246ADD00-3651-4E0B-B3CA-4E0DC3AB631F} = {36D591C7-65C7-A0D1-1CBC-10CDE441BDC8}
		{C2C8720C-9829-4DCC-A3B1-09BAD782E1D0} = {0FB232B4-0C68-44B3-9994-CFEE7DD7F8F5}
		{1C82451F-5330-4C69-A3BE-697EF32056F2} = {51B23154-7587-4092-BE6F-03854BB1BFED}
		{1F63796A-0215-4ED7-A9C0-D307847ED7CD} = {51B23154-7587-4092-BE6F-03854BB1BFED}
		{0A30FA63-CAC7-40A1-BB37-9F651093AD12} = {51B23154-7587-4092-BE6F-03854BB1BFED}
		{AFE51555-B634-440F-A4AA-976CBEB322EC} = {E896F54A-D7D2-4812-B99A-9E5513FD4D3B}
		{EBF91B97-43C9-4E3B-BA5A-1126630FDECC} = {E896F54A-D7D2-4812-B99A-9E5513FD4D3B}
		{17C610B5-B5A0-4E9C-B5C1-5B6A97FCB14C} = {E896F54A-D7D2-4812-B99A-9E5513FD4D3B}
		{2BB3B010-A861-4A97-AA2A-B72DA46D5D1D} = {06299486-F6E6-484C-8AE3-A6A3E2D85D52}
		{CCFF977B-0A60-41A7-8E5B-CD7B49A271E6} = {06299486-F6E6-484C-8AE3-A6A3E2D85D52}
		{B5B3761D-1AF8-423F-ABE0-D2EE17C03FC8} = {06299486-F6E6-484C-8AE3-A6A3E2D85D52}
	EndGlobalSection
	GlobalSection(ExtensibilityGlobals) = postSolution
		SolutionGuid = {F4CD7788-A8CE-4FD4-8CD0-1211C3FA1530}
	EndGlobalSection
EndGlobal
